
Microsoft Visual Studio Solution File, Format Version 12.00
# Visual Studio Version 17
VisualStudioVersion = 17.7.34202.233
MinimumVisualStudioVersion = 10.0.40219.1
Project("{9A19103F-16F7-4668-BE54-9A1E7A4F7556}") = "Bakery", "Bakery\Bakery.csproj", "{B247F2D8-34AF-4C36-B73A-83BC133CB3BA}"
EndProject
Global
	GlobalSection(SolutionConfigurationPlatforms) = preSolution
		Debug|Any CPU = Debug|Any CPU
		Release|Any CPU = Release|Any CPU
	EndGlobalSection
	GlobalSection(ProjectConfigurationPlatforms) = postSolution
		{B247F2D8-34AF-4C36-B73A-83BC133CB3BA}.Debug|Any CPU.ActiveCfg = Debug|Any CPU
		{B247F2D8-34AF-4C36-B73A-83BC133CB3BA}.Debug|Any CPU.Build.0 = Debug|Any CPU
		{B247F2D8-34AF-4C36-B73A-83BC133CB3BA}.Release|Any CPU.ActiveCfg = Release|Any CPU
		{B247F2D8-34AF-4C36-B73A-83BC133CB3BA}.Release|Any CPU.Build.0 = Release|Any CPU
	EndGlobalSection
	GlobalSection(SolutionProperties) = preSolution
		HideSolutionNode = FALSE
	EndGlobalSection
	GlobalSection(ExtensibilityGlobals) = postSolution
		SolutionGuid = {EBB6D1DE-0C65-4BCB-B796-803CA4109165}
	EndGlobalSection
EndGlobal
